
Microsoft Visual Studio Solution File, Format Version 12.00
# Visual Studio Express 2013 for Web
VisualStudioVersion = 12.0.31101.0
MinimumVisualStudioVersion = 10.0.40219.1
Project("{FAE04EC0-301F-11D3-BF4B-00C04F79EFBC}") = "GSKC.Web", "GSKC.Web\GSKC.Web.csproj", "{E748F90B-6E56-4C35-A5A6-A5FA48CDB439}"
EndProject
Project("{00D1A9C2-B5F0-4AF3-8072-F6C62B433612}") = "GSKC.Database.GSKC", "GSKC.Database.GSKC\GSKC.Database.GSKC.sqlproj", "{B71B229C-29B1-46DA-A2BB-A1D32E097302}"
EndProject
Project("{FAE04EC0-301F-11D3-BF4B-00C04F79EFBC}") = "GSKC.EF", "GSKC.EF\GSKC.EF.csproj", "{D3FDC0FA-18E4-4261-8EA4-23C737C815C7}"
EndProject
Project("{FAE04EC0-301F-11D3-BF4B-00C04F79EFBC}") = "GSKC.Service", "GSKC.Service\GSKC.Service.csproj", "{6489FE0E-B2F8-480F-9683-9E42434C1D10}"
EndProject
Project("{FAE04EC0-301F-11D3-BF4B-00C04F79EFBC}") = "GSKC.Repository", "GSKC.Repository\GSKC.Repository.csproj", "{217AF364-0D35-4DE8-AA05-BB736FA84822}"
EndProject
Project("{00D1A9C2-B5F0-4AF3-8072-F6C62B433612}") = "GSKC.Database.Moteng", "GSKC.Database.Moteng\GSKC.Database.Moteng.sqlproj", "{13257B93-59B1-4C45-AEB9-278B740D94EF}"
EndProject
Project("{2150E333-8FDC-42A3-9474-1A3956D46DE8}") = "Database Projects", "Database Projects", "{C198B106-77A1-4452-A357-29CBCB34395D}"
EndProject
Project("{2150E333-8FDC-42A3-9474-1A3956D46DE8}") = "User Interface", "User Interface", "{413F5E20-A045-41C1-88A4-5455427DBBDE}"
EndProject
Project("{2150E333-8FDC-42A3-9474-1A3956D46DE8}") = "Repositories", "Repositories", "{A5D77F48-970C-4A87-8BF2-795A99DF67FE}"
EndProject
Project("{2150E333-8FDC-42A3-9474-1A3956D46DE8}") = "Services", "Services", "{452016E8-E8C3-4A36-8DB7-A72475D36010}"
EndProject
Project("{2150E333-8FDC-42A3-9474-1A3956D46DE8}") = "BusinessObjects", "BusinessObjects", "{39E2F793-1C0A-4414-85CF-735127370B30}"
EndProject
Project("{FAE04EC0-301F-11D3-BF4B-00C04F79EFBC}") = "GSKC.BusinessObjects", "GSKC.BusinessObjects\GSKC.BusinessObjects.csproj", "{464146E7-457C-47AF-8A54-29F8C5C20651}"
EndProject
Project("{FAE04EC0-301F-11D3-BF4B-00C04F79EFBC}") = "GSKC.Web.Calendar", "GSKC.Web.Calendar\GSKC.Web.Calendar.csproj", "{99E60875-0C78-44C1-A4DD-8B4A1B65E628}"
EndProject
Project("{2150E333-8FDC-42A3-9474-1A3956D46DE8}") = ".nuget", ".nuget", "{2CFFA4A2-C8D6-4CC4-B12A-E183885A7742}"
	ProjectSection(SolutionItems) = preProject
		.nuget\NuGet.Config = .nuget\NuGet.Config
		.nuget\NuGet.exe = .nuget\NuGet.exe
		.nuget\NuGet.targets = .nuget\NuGet.targets
	EndProjectSection
EndProject
Project("{FAE04EC0-301F-11D3-BF4B-00C04F79EFBC}") = "GSKC.Web.InventoryManagement", "GSKC.Web.InventoryManagement\GSKC.Web.InventoryManagement.csproj", "{A6A71D7E-2526-44D3-A93F-3A835FC91789}"
EndProject
Global
	GlobalSection(SolutionConfigurationPlatforms) = preSolution
		Debug|Any CPU = Debug|Any CPU
		Release|Any CPU = Release|Any CPU
	EndGlobalSection
	GlobalSection(ProjectConfigurationPlatforms) = postSolution
		{E748F90B-6E56-4C35-A5A6-A5FA48CDB439}.Debug|Any CPU.ActiveCfg = Debug|Any CPU
		{E748F90B-6E56-4C35-A5A6-A5FA48CDB439}.Debug|Any CPU.Build.0 = Debug|Any CPU
		{E748F90B-6E56-4C35-A5A6-A5FA48CDB439}.Release|Any CPU.ActiveCfg = Release|Any CPU
		{E748F90B-6E56-4C35-A5A6-A5FA48CDB439}.Release|Any CPU.Build.0 = Release|Any CPU
		{B71B229C-29B1-46DA-A2BB-A1D32E097302}.Debug|Any CPU.ActiveCfg = Debug|Any CPU
		{B71B229C-29B1-46DA-A2BB-A1D32E097302}.Debug|Any CPU.Build.0 = Debug|Any CPU
		{B71B229C-29B1-46DA-A2BB-A1D32E097302}.Debug|Any CPU.Deploy.0 = Debug|Any CPU
		{B71B229C-29B1-46DA-A2BB-A1D32E097302}.Release|Any CPU.ActiveCfg = Release|Any CPU
		{B71B229C-29B1-46DA-A2BB-A1D32E097302}.Release|Any CPU.Build.0 = Release|Any CPU
		{B71B229C-29B1-46DA-A2BB-A1D32E097302}.Release|Any CPU.Deploy.0 = Release|Any CPU
		{D3FDC0FA-18E4-4261-8EA4-23C737C815C7}.Debug|Any CPU.ActiveCfg = Debug|Any CPU
		{D3FDC0FA-18E4-4261-8EA4-23C737C815C7}.Debug|Any CPU.Build.0 = Debug|Any CPU
		{D3FDC0FA-18E4-4261-8EA4-23C737C815C7}.Release|Any CPU.ActiveCfg = Release|Any CPU
		{D3FDC0FA-18E4-4261-8EA4-23C737C815C7}.Release|Any CPU.Build.0 = Release|Any CPU
		{6489FE0E-B2F8-480F-9683-9E42434C1D10}.Debug|Any CPU.ActiveCfg = Debug|Any CPU
		{6489FE0E-B2F8-480F-9683-9E42434C1D10}.Debug|Any CPU.Build.0 = Debug|Any CPU
		{6489FE0E-B2F8-480F-9683-9E42434C1D10}.Release|Any CPU.ActiveCfg = Release|Any CPU
		{6489FE0E-B2F8-480F-9683-9E42434C1D10}.Release|Any CPU.Build.0 = Release|Any CPU
		{217AF364-0D35-4DE8-AA05-BB736FA84822}.Debug|Any CPU.ActiveCfg = Debug|Any CPU
		{217AF364-0D35-4DE8-AA05-BB736FA84822}.Debug|Any CPU.Build.0 = Debug|Any CPU
		{217AF364-0D35-4DE8-AA05-BB736FA84822}.Release|Any CPU.ActiveCfg = Release|Any CPU
		{217AF364-0D35-4DE8-AA05-BB736FA84822}.Release|Any CPU.Build.0 = Release|Any CPU
		{13257B93-59B1-4C45-AEB9-278B740D94EF}.Debug|Any CPU.ActiveCfg = Debug|Any CPU
		{13257B93-59B1-4C45-AEB9-278B740D94EF}.Debug|Any CPU.Build.0 = Debug|Any CPU
		{13257B93-59B1-4C45-AEB9-278B740D94EF}.Debug|Any CPU.Deploy.0 = Debug|Any CPU
		{13257B93-59B1-4C45-AEB9-278B740D94EF}.Release|Any CPU.ActiveCfg = Release|Any CPU
		{13257B93-59B1-4C45-AEB9-278B740D94EF}.Release|Any CPU.Build.0 = Release|Any CPU
		{13257B93-59B1-4C45-AEB9-278B740D94EF}.Release|Any CPU.Deploy.0 = Release|Any CPU
		{464146E7-457C-47AF-8A54-29F8C5C20651}.Debug|Any CPU.ActiveCfg = Debug|Any CPU
		{464146E7-457C-47AF-8A54-29F8C5C20651}.Debug|Any CPU.Build.0 = Debug|Any CPU
		{464146E7-457C-47AF-8A54-29F8C5C20651}.Release|Any CPU.ActiveCfg = Release|Any CPU
		{464146E7-457C-47AF-8A54-29F8C5C20651}.Release|Any CPU.Build.0 = Release|Any CPU
		{99E60875-0C78-44C1-A4DD-8B4A1B65E628}.Debug|Any CPU.ActiveCfg = Debug|Any CPU
		{99E60875-0C78-44C1-A4DD-8B4A1B65E628}.Debug|Any CPU.Build.0 = Debug|Any CPU
		{99E60875-0C78-44C1-A4DD-8B4A1B65E628}.Release|Any CPU.ActiveCfg = Release|Any CPU
		{99E60875-0C78-44C1-A4DD-8B4A1B65E628}.Release|Any CPU.Build.0 = Release|Any CPU
		{A6A71D7E-2526-44D3-A93F-3A835FC91789}.Debug|Any CPU.ActiveCfg = Debug|Any CPU
		{A6A71D7E-2526-44D3-A93F-3A835FC91789}.Debug|Any CPU.Build.0 = Debug|Any CPU
		{A6A71D7E-2526-44D3-A93F-3A835FC91789}.Release|Any CPU.ActiveCfg = Release|Any CPU
		{A6A71D7E-2526-44D3-A93F-3A835FC91789}.Release|Any CPU.Build.0 = Release|Any CPU
	EndGlobalSection
	GlobalSection(SolutionProperties) = preSolution
		HideSolutionNode = FALSE
	EndGlobalSection
	GlobalSection(NestedProjects) = preSolution
		{E748F90B-6E56-4C35-A5A6-A5FA48CDB439} = {413F5E20-A045-41C1-88A4-5455427DBBDE}
		{B71B229C-29B1-46DA-A2BB-A1D32E097302} = {C198B106-77A1-4452-A357-29CBCB34395D}
		{D3FDC0FA-18E4-4261-8EA4-23C737C815C7} = {A5D77F48-970C-4A87-8BF2-795A99DF67FE}
		{6489FE0E-B2F8-480F-9683-9E42434C1D10} = {452016E8-E8C3-4A36-8DB7-A72475D36010}
		{217AF364-0D35-4DE8-AA05-BB736FA84822} = {A5D77F48-970C-4A87-8BF2-795A99DF67FE}
		{13257B93-59B1-4C45-AEB9-278B740D94EF} = {C198B106-77A1-4452-A357-29CBCB34395D}
		{464146E7-457C-47AF-8A54-29F8C5C20651} = {39E2F793-1C0A-4414-85CF-735127370B30}
		{99E60875-0C78-44C1-A4DD-8B4A1B65E628} = {413F5E20-A045-41C1-88A4-5455427DBBDE}
		{A6A71D7E-2526-44D3-A93F-3A835FC91789} = {413F5E20-A045-41C1-88A4-5455427DBBDE}
	EndGlobalSection
EndGlobal
